{
  "version": "4",
  "specifiers": {
    "jsr:@cliffy/command@1.0.0-rc.4": "1.0.0-rc.4",
    "jsr:@cliffy/flags@1.0.0-rc.4": "1.0.0-rc.4",
    "jsr:@cliffy/table@1.0.0-rc.4": "1.0.0-rc.4",
    "jsr:@deno/cache-dir@~0.10.1": "0.10.1",
    "jsr:@deno/graph@~0.73.1": "0.73.1",
    "jsr:@hono/hono@4.4.8": "4.4.8",
    "jsr:@hono/hono@4.7.5": "4.7.5",
    "jsr:@hono/hono@^4.7.5": "4.7.5",
    "jsr:@jollytoad/import-content@*": "1.1.0",
    "jsr:@jollytoad/import-content@1.1.0": "1.1.0",
    "jsr:@nfnitloop/deno-embedder@1.4.1": "1.4.1",
    "jsr:@nfnitloop/deno-embedder@1.4.7": "1.4.7",
    "jsr:@nfnitloop/deno-embedder@1.4.8": "1.4.8",
    "jsr:@nfnitloop/deno-embedder@^1.4.1": "1.4.1",
    "jsr:@smallweb/embed@0.0.1": "0.0.1",
    "jsr:@smallweb/embed@0.0.15": "0.0.15",
    "jsr:@std/assert@0.196": "0.196.0",
    "jsr:@std/assert@0.221": "0.221.0",
    "jsr:@std/assert@0.223": "0.223.0",
    "jsr:@std/assert@0.225": "0.225.3",
    "jsr:@std/assert@0.226": "0.226.0",
    "jsr:@std/async@0.196.0": "0.196.0",
    "jsr:@std/bytes@0.223": "0.223.0",
    "jsr:@std/cli@^1.0.0-rc.4": "1.0.0-rc.4",
    "jsr:@std/cli@^1.0.0-rc.5": "1.0.10",
    "jsr:@std/cli@^1.0.8": "1.0.10",
    "jsr:@std/console@0.221": "0.221.0",
    "jsr:@std/encoding@0.224.0": "0.224.0",
    "jsr:@std/encoding@1.0.1": "1.0.1",
    "jsr:@std/encoding@1.0.8": "1.0.8",
    "jsr:@std/encoding@^1.0.1": "1.0.1",
    "jsr:@std/encoding@^1.0.5": "1.0.6",
    "jsr:@std/fmt@0.221": "0.221.0",
    "jsr:@std/fmt@0.223": "0.223.0",
    "jsr:@std/fmt@^1.0.0-rc.1": "1.0.4",
    "jsr:@std/fmt@^1.0.3": "1.0.4",
    "jsr:@std/fmt@~0.225.6": "0.225.6",
    "jsr:@std/fs@*": "0.229.0",
    "jsr:@std/fs@0.223": "0.223.0",
    "jsr:@std/fs@0.229.0": "0.229.0",
    "jsr:@std/fs@^1.0.4": "1.0.4",
    "jsr:@std/html@1.0.3": "1.0.3",
    "jsr:@std/html@^1.0.3": "1.0.3",
    "jsr:@std/http@1.0.0-rc.3": "1.0.0-rc.3",
    "jsr:@std/http@1.0.0-rc.4": "1.0.0-rc.4",
    "jsr:@std/http@1.0.12": "1.0.12",
    "jsr:@std/http@^1.0.12": "1.0.12",
    "jsr:@std/io@0.223": "0.223.0",
    "jsr:@std/media-types@0.224.0": "0.224.0",
    "jsr:@std/media-types@1.0.0": "1.0.0",
    "jsr:@std/media-types@^1.0.0-rc.1": "1.1.0",
    "jsr:@std/media-types@^1.0.1": "1.0.1",
    "jsr:@std/media-types@^1.1.0": "1.1.0",
    "jsr:@std/media-types@~0.224.1": "0.224.1",
    "jsr:@std/net@^1.0.0-rc.1": "1.0.4",
    "jsr:@std/net@^1.0.4": "1.0.4",
    "jsr:@std/net@~0.224.5": "0.224.5",
    "jsr:@std/path@*": "0.225.2",
    "jsr:@std/path@0.223": "0.223.0",
    "jsr:@std/path@0.225": "0.225.2",
    "jsr:@std/path@0.225.0": "0.225.0",
    "jsr:@std/path@1": "1.0.8",
    "jsr:@std/path@1.0.0": "1.0.0",
    "jsr:@std/path@1.0.0-rc.2": "1.0.0-rc.2",
    "jsr:@std/path@1.0.0-rc.4": "1.0.0-rc.4",
    "jsr:@std/path@^1.0.4": "1.0.6",
    "jsr:@std/path@^1.0.6": "1.0.8",
    "jsr:@std/path@^1.0.8": "1.0.8",
    "jsr:@std/streams@^1.0.0-rc.2": "1.0.0-rc.2",
    "jsr:@std/streams@^1.0.0-rc.3": "1.0.8",
    "jsr:@std/streams@^1.0.8": "1.0.8",
    "jsr:@std/text@0.221": "0.221.0",
    "npm:hono@^4.6.3": "4.7.5"
  },
  "jsr": {
    "@cliffy/command@1.0.0-rc.4": {
      "integrity": "709884ffe0f53ce3edafa92b58223634397878fbf6dcabe0c74ea0108273b9f7",
      "dependencies": [
        "jsr:@cliffy/flags",
        "jsr:@cliffy/table",
        "jsr:@std/fmt@0.221",
        "jsr:@std/text"
      ]
    },
    "@cliffy/flags@1.0.0-rc.4": {
      "integrity": "29f370ade4ddf6e150a4d25fc44661234c19870ffcf7fb07cd100f1843fcd6e1"
    },
    "@cliffy/table@1.0.0-rc.4": {
      "integrity": "990e4e0b3910e6c9cf7a5b4318b8f5e121cf681494c94fd113febb9b4d4c0741",
      "dependencies": [
        "jsr:@std/console"
      ]
    },
    "@deno/cache-dir@0.10.1": {
      "integrity": "30f0a3b975df62adebd859a56f285873c56c6e68190e4370c7a539c6664559ad",
      "dependencies": [
        "jsr:@deno/graph",
        "jsr:@std/fmt@0.223",
        "jsr:@std/fs@0.223",
        "jsr:@std/io",
        "jsr:@std/path@0.223"
      ]
    },
    "@deno/graph@0.73.1": {
      "integrity": "cd69639d2709d479037d5ce191a422eabe8d71bb68b0098344f6b07411c84d41"
    },
    "@hono/hono@4.4.8": {
      "integrity": "6b387c666d4a1d2f50fbf7968ecaa73eb37690d08be0f5f3efe2d15dd6a679ce"
    },
    "@hono/hono@4.7.5": {
      "integrity": "36a7e1b3db8a58e5dc2bd36a76be53346f0966e04c24c635c4d6f58875575b0a"
    },
    "@jollytoad/import-content@1.1.0": {
      "integrity": "804d99837497fa7948004e2f9f8b20ba45fba0183560337f495efddd0160442a",
      "dependencies": [
        "jsr:@deno/cache-dir"
      ]
    },
    "@nfnitloop/deno-embedder@1.4.1": {
      "integrity": "05f1557820fad642103f5e0d79cb51385ce19d8246dc1be331fd6ee92e3185f9",
      "dependencies": [
        "jsr:@cliffy/command",
        "jsr:@std/async",
        "jsr:@std/encoding@0.224.0",
        "jsr:@std/fs@0.229.0",
        "jsr:@std/path@0.225.0"
      ]
    },
    "@nfnitloop/deno-embedder@1.4.7": {
      "integrity": "50a2bb6d271f2e52aa28362bbfa14773406a343de8be49ef5e5b6a5722d31391",
      "dependencies": [
        "jsr:@cliffy/command",
        "jsr:@std/async",
        "jsr:@std/encoding@0.224.0",
        "jsr:@std/fs@0.229.0",
        "jsr:@std/path@0.225.0"
      ]
    },
    "@nfnitloop/deno-embedder@1.4.8": {
      "integrity": "71937308311e52a09b37b76ce781cbc1c0f23ae9b0fc461554056b2b766ba9e3",
      "dependencies": [
        "jsr:@cliffy/command",
        "jsr:@std/async",
        "jsr:@std/encoding@0.224.0",
        "jsr:@std/fs@0.229.0",
        "jsr:@std/path@0.225.0"
      ]
    },
    "@smallweb/embed@0.0.1": {
      "integrity": "f216bf60ac477ae37c459f3cc145a7b0708d684b5f4ecddb493855d00b19edd2",
      "dependencies": [
        "jsr:@std/encoding@1.0.1"
      ]
    },
    "@smallweb/embed@0.0.15": {
      "integrity": "afb6e99b059681bbc3dd92adcba023a0941b1cd38a249e98d815d662ffbf0f7d",
      "dependencies": [
        "jsr:@std/encoding@1.0.1",
        "jsr:@std/http@1.0.0-rc.4",
        "jsr:@std/media-types@^1.0.0-rc.1",
        "jsr:@std/path@1.0.0-rc.2"
      ]
    },
    "@std/assert@0.196.0": {
      "integrity": "ede8c09c2bb176dc9356c04d2548412e492a58dcf73aad0965695a4d8336f66b"
    },
    "@std/assert@0.221.0": {
      "integrity": "a5f1aa6e7909dbea271754fd4ab3f4e687aeff4873b4cef9a320af813adb489a"
    },
    "@std/assert@0.223.0": {
      "integrity": "eb8d6d879d76e1cc431205bd346ed4d88dc051c6366365b1af47034b0670be24"
    },
    "@std/assert@0.225.3": {
      "integrity": "b3c2847aecf6955b50644cdb9cf072004ea3d1998dd7579fc0acb99dbb23bd4f"
    },
    "@std/assert@0.226.0": {
      "integrity": "0dfb5f7c7723c18cec118e080fec76ce15b4c31154b15ad2bd74822603ef75b3"
    },
    "@std/async@0.196.0": {
      "integrity": "bd572776dfdf94bcbe00ceea1263e06f0c0060ff258f8a5cf644c5b43992755a",
      "dependencies": [
        "jsr:@std/assert@0.196"
      ]
    },
    "@std/bytes@0.223.0": {
      "integrity": "84b75052cd8680942c397c2631318772b295019098f40aac5c36cead4cba51a8"
    },
    "@std/cli@1.0.0-rc.4": {
      "integrity": "9d31e98166f3bd1c534a935d0408367b6ca01f8116b2414639ea65762fbc6973"
    },
    "@std/cli@1.0.10": {
      "integrity": "d047f6f4954a5c2827fe0963765ddd3d8b6cc7b7518682842645b95f571539dc"
    },
    "@std/console@0.221.0": {
      "integrity": "8f2afc1f3f14f5d6039c0c767f057e4aa1897d2210e167c4667cb155cafb9d11"
    },
    "@std/encoding@0.224.0": {
      "integrity": "efb6dca97d3e9c31392bd5c8cfd9f9fc9decf5a1f4d1f78af7900a493bcf89b5"
    },
    "@std/encoding@1.0.1": {
      "integrity": "5955c6c542ebb4ce6587c3b548dc71e07a6c27614f1976d1d3887b1196cf4e65"
    },
    "@std/encoding@1.0.6": {
      "integrity": "ca87122c196e8831737d9547acf001766618e78cd8c33920776c7f5885546069"
    },
    "@std/encoding@1.0.8": {
      "integrity": "a6c8f3f933ab1bed66244f435d1dc0fd23a888e07195532122ddc3d5f8f0e6b4"
    },
    "@std/fmt@0.221.0": {
      "integrity": "379fed69bdd9731110f26b9085aeb740606b20428ce6af31ef6bd45ef8efa62a"
    },
    "@std/fmt@0.223.0": {
      "integrity": "6deb37794127dfc7d7bded2586b9fc6f5d50e62a8134846608baf71ffc1a5208"
    },
    "@std/fmt@0.225.6": {
      "integrity": "aba6aea27f66813cecfd9484e074a9e9845782ab0685c030e453a8a70b37afc8"
    },
    "@std/fmt@1.0.4": {
      "integrity": "e14fe5bedee26f80877e6705a97a79c7eed599e81bb1669127ef9e8bc1e29a74"
    },
    "@std/fs@0.223.0": {
      "integrity": "3b4b0550b2c524cbaaa5a9170c90e96cbb7354e837ad1bdaf15fc9df1ae9c31c"
    },
    "@std/fs@0.229.0": {
      "integrity": "c353340334dd25b879c4e6e72371b2664da2bd41b633b5837c7249c04d90903d",
      "dependencies": [
        "jsr:@std/assert@0.225",
        "jsr:@std/path@0.225"
      ]
    },
    "@std/fs@1.0.4": {
      "integrity": "2907d32d8d1d9e540588fd5fe0ec21ee638134bd51df327ad4e443aaef07123c",
      "dependencies": [
        "jsr:@std/path@^1.0.6"
      ]
    },
    "@std/html@1.0.3": {
      "integrity": "7a0ac35e050431fb49d44e61c8b8aac1ebd55937e0dc9ec6409aa4bab39a7988"
    },
    "@std/http@1.0.0-rc.3": {
      "integrity": "a4d0824b9f2f3e63d8a20d02233181b5e090825e760779df9ed23a98ad45a5eb",
      "dependencies": [
        "jsr:@std/cli@^1.0.0-rc.4",
        "jsr:@std/encoding@^1.0.1",
        "jsr:@std/fmt@~0.225.6",
        "jsr:@std/media-types@^1.0.1",
        "jsr:@std/net@~0.224.5",
        "jsr:@std/path@1.0.0-rc.4",
        "jsr:@std/streams@^1.0.0-rc.2"
      ]
    },
    "@std/http@1.0.0-rc.4": {
      "integrity": "4f2cdd35a85713e8d645cfd49c4db8c3473f1c44006a8dd252689a38ac9ae6a9",
      "dependencies": [
        "jsr:@std/cli@^1.0.0-rc.5",
        "jsr:@std/encoding@^1.0.1",
        "jsr:@std/fmt@^1.0.0-rc.1",
        "jsr:@std/media-types@^1.0.1",
        "jsr:@std/net@^1.0.0-rc.1",
        "jsr:@std/path@1",
        "jsr:@std/streams@^1.0.0-rc.3"
      ]
    },
    "@std/http@1.0.12": {
      "integrity": "85246d8bfe9c8e2538518725b158bdc31f616e0869255f4a8d9e3de919cab2aa",
      "dependencies": [
        "jsr:@std/cli@^1.0.8",
        "jsr:@std/encoding@^1.0.5",
        "jsr:@std/fmt@^1.0.3",
        "jsr:@std/html@^1.0.3",
        "jsr:@std/media-types@^1.1.0",
        "jsr:@std/net@^1.0.4",
        "jsr:@std/path@^1.0.8",
        "jsr:@std/streams@^1.0.8"
      ]
    },
    "@std/io@0.223.0": {
      "integrity": "2d8c3c2ab3a515619b90da2c6ff5ea7b75a94383259ef4d02116b228393f84f1",
      "dependencies": [
        "jsr:@std/assert@0.223",
        "jsr:@std/bytes"
      ]
    },
    "@std/media-types@0.224.0": {
      "integrity": "5ac87989393f8cb1c81bee02aef6f5d4c8289b416deabc04f9ad25dff292d0b0"
    },
    "@std/media-types@0.224.1": {
      "integrity": "9e69a5daed37c5b5c6d3ce4731dc191f80e67f79bed392b0957d1d03b87f11e1"
    },
    "@std/media-types@1.0.0": {
      "integrity": "58ff81ce1f7af8c46304a52482db804c42936492daad19c0bd5d887832737d2b"
    },
    "@std/media-types@1.0.1": {
      "integrity": "f2ddc3497be0bd87ac0c9b9b26bb454f76bdc45e1b9a12146af47fab3ba2828c"
    },
    "@std/media-types@1.1.0": {
      "integrity": "c9d093f0c05c3512932b330e3cc1fe1d627b301db33a4c2c2185c02471d6eaa4"
    },
    "@std/net@0.224.5": {
      "integrity": "9c2ae90a5c3dc7771da5ae5e13b6f7d5d0b316c1954c5d53f2bfc1129fb757ff"
    },
    "@std/net@1.0.4": {
      "integrity": "2f403b455ebbccf83d8a027d29c5a9e3a2452fea39bb2da7f2c04af09c8bc852"
    },
    "@std/path@0.223.0": {
      "integrity": "593963402d7e6597f5a6e620931661053572c982fc014000459edc1f93cc3989",
      "dependencies": [
        "jsr:@std/assert@0.223"
      ]
    },
    "@std/path@0.225.0": {
      "integrity": "044ed8d9ca76fa997ff1d30d48fc7756b4389bf6ce1ff9710633a2d174343bb3",
      "dependencies": [
        "jsr:@std/assert@0.225"
      ]
    },
    "@std/path@0.225.2": {
      "integrity": "0f2db41d36b50ef048dcb0399aac720a5348638dd3cb5bf80685bf2a745aa506",
      "dependencies": [
        "jsr:@std/assert@0.226"
      ]
    },
    "@std/path@1.0.0-rc.2": {
      "integrity": "39f20d37a44d1867abac8d91c169359ea6e942237a45a99ee1e091b32b921c7d"
    },
    "@std/path@1.0.0-rc.4": {
      "integrity": "2be56452bb0b42ebe4798c5db0ee74efec71b3a7d14b3e406041b538cf9316c9"
    },
    "@std/path@1.0.0": {
      "integrity": "77fcb858b6e38777d1154df0f02245ba0b07e2c40ca3c0eec57c9233188c2d21"
    },
    "@std/path@1.0.6": {
      "integrity": "ab2c55f902b380cf28e0eec501b4906e4c1960d13f00e11cfbcd21de15f18fed"
    },
    "@std/path@1.0.8": {
      "integrity": "548fa456bb6a04d3c1a1e7477986b6cffbce95102d0bb447c67c4ee70e0364be"
    },
    "@std/streams@1.0.0-rc.2": {
      "integrity": "dbd7509155f8564b0b8932f2fbb7de25d75028aa9ebd8c19d92cc074ccb4a835"
    },
    "@std/streams@1.0.8": {
      "integrity": "b41332d93d2cf6a82fe4ac2153b930adf1a859392931e2a19d9fabfb6f154fb3"
    },
    "@std/text@0.221.0": {
      "integrity": "a2f89ceb0d8851cd33e6774064621a1da9fbc36578cf4f02c5b5bcd7e8c84b67",
      "dependencies": [
        "jsr:@std/assert@0.221"
      ]
    }
  },
  "npm": {
    "hono@4.7.5": {
      "integrity": "sha512-fDOK5W2C1vZACsgLONigdZTRZxuBqFtcKh7bUQ5cVSbwI2RWjloJDcgFOVzbQrlI6pCmhlTsVYZ7zpLj4m4qMQ=="
    }
  },
  "redirects": {
    "https://esm.town/v/pomdtr/hono-utils/mod.ts": "https://esm.town/v/pomdtr/hono-utils@39-main/mod.ts"
  },
  "remote": {
    "https://esm.town/v/pomdtr/hono-utils@39-main/mod.ts": "24e51989302f215b063914e9163a6f04c81b17ec350acbb5bf988dcc70de9cbb"
  },
  "workspace": {
    "dependencies": [
      "jsr:@hono/hono@^4.7.5",
      "jsr:@std/fs@^1.0.4",
      "jsr:@std/http@^1.0.12",
      "jsr:@std/path@^1.0.6"
    ]
  }
}
